{
  "name": "static",
  "version": "1.0.0",
  "lockfileVersion": 1,
  "requires": true,
  "dependencies": {
    "vim-wasm": {
      "version": "0.0.12",
      "resolved": "https://registry.npmjs.org/vim-wasm/-/vim-wasm-0.0.12.tgz",
      "integrity": "sha512-20t3jSaT/W3wu8FaLi7BIFLdAmMG89E8BwqQS5pg7K3jh5hd/cVYjoRRLphPCRv6fjbQze96sTng6uGeOf5nYA=="
    }
  }
}
